
Microsoft Visual Studio Solution File, Format Version 12.00
# Visual Studio Version 17
VisualStudioVersion = 17.10.35027.167
MinimumVisualStudioVersion = 10.0.40219.1
Project("{FAE04EC0-301F-11D3-BF4B-00C04F79EFBC}") = "Calcular.NPS", "Calcular.NPS\Calcular.NPS.csproj", "{D3CC30C6-496C-4252-8099-ED1625D7A890}"
EndProject
Global
	GlobalSection(SolutionConfigurationPlatforms) = preSolution
		Debug|Any CPU = Debug|Any CPU
		Release|Any CPU = Release|Any CPU
	EndGlobalSection
	GlobalSection(ProjectConfigurationPlatforms) = postSolution
		{D3CC30C6-496C-4252-8099-ED1625D7A890}.Debug|Any CPU.ActiveCfg = Debug|Any CPU
		{D3CC30C6-496C-4252-8099-ED1625D7A890}.Debug|Any CPU.Build.0 = Debug|Any CPU
		{D3CC30C6-496C-4252-8099-ED1625D7A890}.Release|Any CPU.ActiveCfg = Release|Any CPU
		{D3CC30C6-496C-4252-8099-ED1625D7A890}.Release|Any CPU.Build.0 = Release|Any CPU
	EndGlobalSection
	GlobalSection(SolutionProperties) = preSolution
		HideSolutionNode = FALSE
	EndGlobalSection
	GlobalSection(ExtensibilityGlobals) = postSolution
		SolutionGuid = {BFAE6A26-8B2A-4682-8E7B-AB186BF4A390}
	EndGlobalSection
EndGlobal
